// !$*UTF8*$!
{
	archiveVersion = 1;
	classes = {
	};
	objectVersion = 46;
	objects = {

/* Begin PBXBuildFile section */
		43593B251CB547AA00F7F0CE /* AppDelegate.swift in Sources */ = {isa = PBXBuildFile; fileRef = 43593B241CB547AA00F7F0CE /* AppDelegate.swift */; };
		43593B271CB547AA00F7F0CE /* ViewController.swift in Sources */ = {isa = PBXBuildFile; fileRef = 43593B261CB547AA00F7F0CE /* ViewController.swift */; };
		43593B2A1CB547AA00F7F0CE /* Main.storyboard in Resources */ = {isa = PBXBuildFile; fileRef = 43593B281CB547AA00F7F0CE /* Main.storyboard */; };
		43593B2C1CB547AA00F7F0CE /* Assets.xcassets in Resources */ = {isa = PBXBuildFile; fileRef = 43593B2B1CB547AA00F7F0CE /* Assets.xcassets */; };
		43593B2F1CB547AA00F7F0CE /* LaunchScreen.storyboard in Resources */ = {isa = PBXBuildFile; fileRef = 43593B2D1CB547AA00F7F0CE /* LaunchScreen.storyboard */; };
/* End PBXBuildFile section */

/* Begin PBXFileReference section */
		43593B211CB547AA00F7F0CE /* haha.app */ = {isa = PBXFileReference; explicitFileType = wrapper.application; includeInIndex = 0; path = haha.app; sourceTree = BUILT_PRODUCTS_DIR; };
		43593B241CB547AA00F7F0CE /* AppDelegate.swift */ = {isa = PBXFileReference; lastKnownFileType = sourcecode.swift; path = AppDelegate.swift; sourceTree = "<group>"; };
		43593B261CB547AA00F7F0CE /* ViewController.swift */ = {isa = PBXFileReference; lastKnownFileType = sourcecode.swift; path = ViewController.swift; sourceTree = "<group>"; };
		43593B291CB547AA00F7F0CE /* Base */ = {isa = PBXFileReference; lastKnownFileType = file.storyboard; name = Base; path = Base.lproj/Main.storyboard; sourceTree = "<group>"; };
		43593B2B1CB547AA00F7F0CE /* Assets.xcassets */ = {isa = PBXFileReference; lastKnownFileType = folder.assetcatalog; path = Assets.xcassets; sourceTree = "<group>"; };
		43593B2E1CB547AA00F7F0CE /* Base */ = {isa = PBXFileReference; lastKnownFileType = file.storyboard; name = Base; path = Base.lproj/LaunchScreen.storyboard; sourceTree = "<group>"; };
		43593B301CB547AA00F7F0CE /* Info.plist */ = {isa = PBXFileReference; lastKnownFileType = text.plist.xml; path = Info.plist; sourceTree = "<group>"; };
/* End PBXFileReference section */

/* Begin PBXFrameworksBuildPhase section */
		43593B1E1CB547AA00F7F0CE /* Frameworks */ = {
			isa = PBXFrameworksBuildPhase;
			buildActionMask = 2147483647;
			files = (
			);
			runOnlyForDeploymentPostprocessing = 0;
		};
/* End PBXFrameworksBuildPhase section */

/* Begin PBXGroup section */
		43593B181CB547AA00F7F0CE = {
			isa = PBXGroup;
			children = (
				43593B231CB547AA00F7F0CE /* haha */,
				43593B221CB547AA00F7F0CE /* Products */,
			);
			sourceTree = "<group>";
		};
		43593B221CB547AA00F7F0CE /* Products */ = {
			isa = PBXGroup;
			children = (
				43593B211CB547AA00F7F0CE /* haha.app */,
			);
			name = Products;
			sourceTree = "<group>";
		};
		43593B231CB547AA00F7F0CE /* haha */ = {
			isa = PBXGroup;
			children = (
				43593B241CB547AA00F7F0CE /* AppDelegate.swift */,
				43593B261CB547AA00F7F0CE /* ViewController.swift */,
				43593B281CB547AA00F7F0CE /* Main.storyboard */,
				43593B2B1CB547AA00F7F0CE /* Assets.xcassets */,
				43593B2D1CB547AA00F7F0CE /* LaunchScreen.storyboard */,
				43593B301CB547AA00F7F0CE /* Info.plist */,
			);
			path = haha;
			sourceTree = "<group>";
		};
/* End PBXGroup section */

/* Begin PBXNativeTarget section */
		43593B201CB547AA00F7F0CE /* haha */ = {
			isa = PBXNativeTarget;
			buildConfigurationList = 43593B331CB547AA00F7F0CE /* Build configuration list for PBXNativeTarget "haha" */;
			buildPhases = (
				43593B1D1CB547AA00F7F0CE /* Sources */,
				43593B1E1CB547AA00F7F0CE /* Frameworks */,
				43593B1F1CB547AA00F7F0CE /* Resources */,
			);
			buildRules = (
			);
			dependencies = (
			);
			name = haha;
			productName = haha;
			productReference = 43593B211CB547AA00F7F0CE /* haha.app */;
			productType = "com.apple.product-type.application";
		};
/* End PBXNativeTarget section */

/* Begin PBXProject section */
		43593B191CB547AA00F7F0CE /* Project object */ = {
			isa = PBXProject;
			attributes = {
				LastSwiftUpdateCheck = 0720;
				LastUpgradeCheck = 0720;
				ORGANIZATIONNAME = itcast;
				TargetAttributes = {
					43593B201CB547AA00F7F0CE = {
						CreatedOnToolsVersion = 7.2;
						DevelopmentTeam = 48JZFTLUA3;
					};
				};
			};
			buildConfigurationList = 43593B1C1CB547AA00F7F0CE /* Build configuration list for PBXProject "haha" */;
			compatibilityVersion = "Xcode 3.2";
			developmentRegion = English;
			hasScannedForEncodings = 0;
			knownRegions = (
				en,
				Base,
			);
			mainGroup = 43593B181CB547AA00F7F0CE;
			productRefGroup = 43593B221CB547AA00F7F0CE /* Products */;
			projectDirPath = "";
			projectRoot = "";
			targets = (
				43593B201CB547AA00F7F0CE /* haha */,
			);
		};
/* End PBXProject section */

/* Begin PBXResourcesBuildPhase section */
		43593B1F1CB547AA00F7F0CE /* Resources */ = {
			isa = PBXResourcesBuildPhase;
			buildActionMask = 2147483647;
			files = (
				43593B2F1CB547AA00F7F0CE /* LaunchScreen.storyboard in Resources */,
				43593B2C1CB547AA00F7F0CE /* Assets.xcassets in Resources */,
				43593B2A1CB547AA00F7F0CE /* Main.storyboard in Resources */,
			);
			runOnlyForDeploymentPostprocessing = 0;
		};
/* End PBXResourcesBuildPhase section */

/* Begin PBXSourcesBuildPhase section */
		43593B1D1CB547AA00F7F0CE /* Sources */ = {
			isa = PBXSourcesBuildPhase;
			buildActionMask = 2147483647;
			files = (
				43593B271CB547AA00F7F0CE /* ViewController.swift in Sources */,
				43593B251CB547AA00F7F0CE /* AppDelegate.swift in Sources */,
			);
			runOnlyForDeploymentPostprocessing = 0;
		};
/* End PBXSourcesBuildPhase section */

/* Begin PBXVariantGroup section */
		43593B281CB547AA00F7F0CE /* Main.storyboard */ = {
			isa = PBXVariantGroup;
			children = (
				43593B291CB547AA00F7F0CE /* Base */,
			);
			name = Main.storyboard;
			sourceTree = "<group>";
		};
		43593B2D1CB547AA00F7F0CE /* LaunchScreen.storyboard */ = {
			isa = PBXVariantGroup;
			children = (
				43593B2E1CB547AA00F7F0CE /* Base */,
			);
			name = LaunchScreen.storyboard;
			sourceTree = "<group>";
		};
/* End PBXVariantGroup section */

/* Begin XCBuildConfiguration section */
		43593B311CB547AA00F7F0CE /* Debug */ = {
			isa = XCBuildConfiguration;
			buildSettings = {
				ALWAYS_SEARCH_USER_PATHS = NO;
				CLANG_CXX_LANGUAGE_STANDARD = "gnu++0x";
				CLANG_CXX_LIBRARY = "libc++";
				CLANG_ENABLE_MODULES = YES;
				CLANG_ENABLE_OBJC_ARC = YES;
				CLANG_WARN_BOOL_CONVERSION = YES;
				CLANG_WARN_CONSTANT_CONVERSION = YES;
				CLANG_WARN_DIRECT_OBJC_ISA_USAGE = YES_ERROR;
				CLANG_WARN_EMPTY_BODY = YES;
				CLANG_WARN_ENUM_CONVERSION = YES;
				CLANG_WARN_INT_CONVERSION = YES;
				CLANG_WARN_OBJC_ROOT_CLASS = YES_ERROR;
				CLANG_WARN_UNREACHABLE_CODE = YES;
				CLANG_WARN__DUPLICATE_METHOD_MATCH = YES;
				"CODE_SIGN_IDENTITY[sdk=iphoneos*]" = "iPhone Developer";
				COPY_PHASE_STRIP = NO;
				DEBUG_INFORMATION_FORMAT = dwarf;
				ENABLE_STRICT_OBJC_MSGSEND = YES;
				ENABLE_TESTABILITY = YES;
				GCC_C_LANGUAGE_STANDARD = gnu99;
				GCC_DYNAMIC_NO_PIC = NO;
				GCC_NO_COMMON_BLOCKS = YES;
				GCC_OPTIMIZATION_LEVEL = 0;
				GCC_PREPROCESSOR_DEFINITIONS = (
					"DEBUG=1",
					"$(inherited)",
				);
				GCC_WARN_64_TO_32_BIT_CONVERSION = YES;
				GCC_WARN_ABOUT_RETURN_TYPE = YES_ERROR;
				GCC_WARN_UNDECLARED_SELECTOR = YES;
				GCC_WARN_UNINITIALIZED_AUTOS = YES_AGGRESSIVE;
				GCC_WARN_UNUSED_FUNCTION = YES;
				GCC_WARN_UNUSED_VARIABLE = YES;
				IPHONEOS_DEPLOYMENT_TARGET = 9.2;
				MTL_ENABLE_DEBUG_INFO = YES;
				ONLY_ACTIVE_ARCH = YES;
				SDKROOT = iphoneos;
				SWIFT_OPTIMIZATION_LEVEL = "-Onone";
			};
			name = Debug;
		};
		43593B321CB547AA00F7F0CE /* Release */ = {
			isa = XCBuildConfiguration;
			buildSettings = {
				ALWAYS_SEARCH_USER_PATHS = NO;
				CLANG_CXX_LANGUAGE_STANDARD = "gnu++0x";
				CLANG_CXX_LIBRARY = "libc++";
				CLANG_ENABLE_MODULES = YES;
				CLANG_ENABLE_OBJC_ARC = YES;
				CLANG_WARN_BOOL_CONVERSION = YES;
				CLANG_WARN_CONSTANT_CONVERSION = YES;
				CLANG_WARN_DIRECT_OBJC_ISA_USAGE = YES_ERROR;
				CLANG_WARN_EMPTY_BODY = YES;
				CLANG_WARN_ENUM_CONVERSION = YES;
				CLANG_WARN_INT_CONVERSION = YES;
				CLANG_WARN_OBJC_ROOT_CLASS = YES_ERROR;
				CLANG_WARN_UNREACHABLE_CODE = YES;
				CLANG_WARN__DUPLICATE_METHOD_MATCH = YES;
				"CODE_SIGN_IDENTITY[sdk=iphoneos*]" = "iPhone Developer";
				COPY_PHASE_STRIP = NO;
				DEBUG_INFORMATION_FORMAT = "dwarf-with-dsym";
				ENABLE_NS_ASSERTIONS = NO;
				ENABLE_STRICT_OBJC_MSGSEND = YES;
				GCC_C_LANGUAGE_STANDARD = gnu99;
				GCC_NO_COMMON_BLOCKS = YES;
				GCC_WARN_64_TO_32_BIT_CONVERSION = YES;
				GCC_WARN_ABOUT_RETURN_TYPE = YES_ERROR;
				GCC_WARN_UNDECLARED_SELECTOR = YES;
				GCC_WARN_UNINITIALIZED_AUTOS = YES_AGGRESSIVE;
				GCC_WARN_UNUSED_FUNCTION = YES;
				GCC_WARN_UNUSED_VARIABLE = YES;
				IPHONEOS_DEPLOYMENT_TARGET = 9.2;
				MTL_ENABLE_DEBUG_INFO = NO;
				SDKROOT = iphoneos;
				VALIDATE_PRODUCT = YES;
			};
			name = Release;
		};
		43593B341CB547AA00F7F0CE /* Debug */ = {
			isa = XCBuildConfiguration;
			buildSettings = {
				ASSETCATALOG_COMPILER_APPICON_NAME = AppIcon;
				INFOPLIST_FILE = haha/Info.plist;
				LD_RUNPATH_SEARCH_PATHS = "$(inherited) @executable_path/Frameworks";
				PRODUCT_BUNDLE_IDENTIFIER = cn.itcast.haha;
				PRODUCT_NAME = "$(TARGET_NAME)";
			};
			name = Debug;
		};
		43593B351CB547AA00F7F0CE /* Release */ = {
			isa = XCBuildConfiguration;
			buildSettings = {
				ASSETCATALOG_COMPILER_APPICON_NAME = AppIcon;
				INFOPLIST_FILE = haha/Info.plist;
				LD_RUNPATH_SEARCH_PATHS = "$(inherited) @executable_path/Frameworks";
				PRODUCT_BUNDLE_IDENTIFIER = cn.itcast.haha;
				PRODUCT_NAME = "$(TARGET_NAME)";
			};
			name = Release;
		};
/* End XCBuildConfiguration section */

/* Begin XCConfigurationList section */
		43593B1C1CB547AA00F7F0CE /* Build configuration list for PBXProject "haha" */ = {
			isa = XCConfigurationList;
			buildConfigurations = (
				43593B311CB547AA00F7F0CE /* Debug */,
				43593B321CB547AA00F7F0CE /* Release */,
			);
			defaultConfigurationIsVisible = 0;
			defaultConfigurationName = Release;
		};
		43593B331CB547AA00F7F0CE /* Build configuration list for PBXNativeTarget "haha" */ = {
			isa = XCConfigurationList;
			buildConfigurations = (
				43593B341CB547AA00F7F0CE /* Debug */,
				43593B351CB547AA00F7F0CE /* Release */,
			);
			defaultConfigurationIsVisible = 0;
		};
/* End XCConfigurationList section */
	};
	rootObject = 43593B191CB547AA00F7F0CE /* Project object */;
}
